
Microsoft Visual Studio Solution File, Format Version 12.00
# Visual Studio Version 17
VisualStudioVersion = 17.13.35825.156 d17.13
MinimumVisualStudioVersion = 10.0.40219.1
Project("{FAE04EC0-301F-11D3-BF4B-00C04F79EFBC}") = "ChatHub_API", "ChatHub_API.csproj", "{228E42F9-4D20-47F9-BB27-1F8F645DE56C}"
EndProject
Global
	GlobalSection(SolutionConfigurationPlatforms) = preSolution
		Debug|Any CPU = Debug|Any CPU
		Release|Any CPU = Release|Any CPU
	EndGlobalSection
	GlobalSection(ProjectConfigurationPlatforms) = postSolution
		{228E42F9-4D20-47F9-BB27-1F8F645DE56C}.Debug|Any CPU.ActiveCfg = Debug|Any CPU
		{228E42F9-4D20-47F9-BB27-1F8F645DE56C}.Debug|Any CPU.Build.0 = Debug|Any CPU
		{228E42F9-4D20-47F9-BB27-1F8F645DE56C}.Release|Any CPU.ActiveCfg = Release|Any CPU
		{228E42F9-4D20-47F9-BB27-1F8F645DE56C}.Release|Any CPU.Build.0 = Release|Any CPU
	EndGlobalSection
	GlobalSection(SolutionProperties) = preSolution
		HideSolutionNode = FALSE
	EndGlobalSection
	GlobalSection(ExtensibilityGlobals) = postSolution
		SolutionGuid = {D220E823-FB4B-48D6-AC99-0C694084C287}
	EndGlobalSection
EndGlobal
